
Microsoft Visual Studio Solution File, Format Version 12.00
# Visual Studio Version 17
VisualStudioVersion = 17.11.35222.181
MinimumVisualStudioVersion = 10.0.40219.1
Project("{FAE04EC0-301F-11D3-BF4B-00C04F79EFBC}") = "Game Anomalies of the Universe", "Game Anomalies of the Universe.csproj", "{0C5910FF-91BD-4E65-B7B6-7A6EE6BB6C96}"
EndProject
Global
	GlobalSection(SolutionConfigurationPlatforms) = preSolution
		Debug|Any CPU = Debug|Any CPU
		Release|Any CPU = Release|Any CPU
	EndGlobalSection
	GlobalSection(ProjectConfigurationPlatforms) = postSolution
		{0C5910FF-91BD-4E65-B7B6-7A6EE6BB6C96}.Debug|Any CPU.ActiveCfg = Debug|Any CPU
		{0C5910FF-91BD-4E65-B7B6-7A6EE6BB6C96}.Debug|Any CPU.Build.0 = Debug|Any CPU
		{0C5910FF-91BD-4E65-B7B6-7A6EE6BB6C96}.Release|Any CPU.ActiveCfg = Release|Any CPU
		{0C5910FF-91BD-4E65-B7B6-7A6EE6BB6C96}.Release|Any CPU.Build.0 = Release|Any CPU
	EndGlobalSection
	GlobalSection(SolutionProperties) = preSolution
		HideSolutionNode = FALSE
	EndGlobalSection
	GlobalSection(ExtensibilityGlobals) = postSolution
		SolutionGuid = {13E9D28C-4A08-4B32-81A3-66542DFCF0D6}
	EndGlobalSection
EndGlobal
